
Microsoft Visual Studio Solution File, Format Version 12.00
# Visual Studio Version 17
VisualStudioVersion = 17.11.34909.67
MinimumVisualStudioVersion = 10.0.40219.1
Project("{FAE04EC0-301F-11D3-BF4B-00C04F79EFBC}") = "Launcher", "Launcher\Launcher.csproj", "{039456E4-E81B-422C-B712-4EE8F7218EB4}"
EndProject
Project("{FAE04EC0-301F-11D3-BF4B-00C04F79EFBC}") = "DataProvider", "DataProvider\DataProvider.csproj", "{CF52CC1F-81E5-4EFB-ADE7-2808AD24F0CF}"
EndProject
Global
	GlobalSection(SolutionConfigurationPlatforms) = preSolution
		Debug|Any CPU = Debug|Any CPU
		Release|Any CPU = Release|Any CPU
	EndGlobalSection
	GlobalSection(ProjectConfigurationPlatforms) = postSolution
		{039456E4-E81B-422C-B712-4EE8F7218EB4}.Debug|Any CPU.ActiveCfg = Debug|Any CPU
		{039456E4-E81B-422C-B712-4EE8F7218EB4}.Debug|Any CPU.Build.0 = Debug|Any CPU
		{039456E4-E81B-422C-B712-4EE8F7218EB4}.Release|Any CPU.ActiveCfg = Release|Any CPU
		{039456E4-E81B-422C-B712-4EE8F7218EB4}.Release|Any CPU.Build.0 = Release|Any CPU
		{CF52CC1F-81E5-4EFB-ADE7-2808AD24F0CF}.Debug|Any CPU.ActiveCfg = Debug|Any CPU
		{CF52CC1F-81E5-4EFB-ADE7-2808AD24F0CF}.Debug|Any CPU.Build.0 = Debug|Any CPU
		{CF52CC1F-81E5-4EFB-ADE7-2808AD24F0CF}.Release|Any CPU.ActiveCfg = Release|Any CPU
		{CF52CC1F-81E5-4EFB-ADE7-2808AD24F0CF}.Release|Any CPU.Build.0 = Release|Any CPU
	EndGlobalSection
	GlobalSection(SolutionProperties) = preSolution
		HideSolutionNode = FALSE
	EndGlobalSection
	GlobalSection(ExtensibilityGlobals) = postSolution
		SolutionGuid = {4D3F8A64-0718-47E0-A684-C13DDDA5FF0D}
	EndGlobalSection
EndGlobal
